// !$*UTF8*$!
{
	archiveVersion = 1;
	classes = {
	};
	objectVersion = 56;
	objects = {

/* Begin PBXBuildFile section */
		651EA62A2988273D00045D54 /* 00-AppView.swift in Sources */ = {isa = PBXBuildFile; fileRef = 651EA61B2988273D00045D54 /* 00-AppView.swift */; };
		651EA62B2988273D00045D54 /* 01-LocalDatabase.swift in Sources */ = {isa = PBXBuildFile; fileRef = 651EA61D2988273D00045D54 /* 01-LocalDatabase.swift */; };
		651EA62D2988273D00045D54 /* MediaClient.swift in Sources */ = {isa = PBXBuildFile; fileRef = 651EA61F2988273D00045D54 /* MediaClient.swift */; };
		651EA62E2988273D00045D54 /* LocalDatabase.swift in Sources */ = {isa = PBXBuildFile; fileRef = 651EA6202988273D00045D54 /* LocalDatabase.swift */; };
		651EA6302988273D00045D54 /* Assets.xcassets in Resources */ = {isa = PBXBuildFile; fileRef = 651EA6222988273D00045D54 /* Assets.xcassets */; };
		651EA6322988273D00045D54 /* 00-App.swift in Sources */ = {isa = PBXBuildFile; fileRef = 651EA6252988273D00045D54 /* 00-App.swift */; };
		65383B4829A111FF00774C5F /* 02-LoadableImage.swift in Sources */ = {isa = PBXBuildFile; fileRef = 65383B4729A111FF00774C5F /* 02-LoadableImage.swift */; };
		65383B4A29A112CE00774C5F /* 00-AppDelegateReducer.swift in Sources */ = {isa = PBXBuildFile; fileRef = 65383B4929A112CE00774C5F /* 00-AppDelegateReducer.swift */; };
		6571CBE2298829EF00772DE1 /* ComposableArchitecture in Frameworks */ = {isa = PBXBuildFile; productRef = 6571CBE1298829EF00772DE1 /* ComposableArchitecture */; };
		6571CBE729882CA800772DE1 /* ComposableAppContext in Frameworks */ = {isa = PBXBuildFile; productRef = 6571CBE629882CA800772DE1 /* ComposableAppContext */; };
		6571CBE929882CA800772DE1 /* ComposableCodable in Frameworks */ = {isa = PBXBuildFile; productRef = 6571CBE829882CA800772DE1 /* ComposableCodable */; };
		6571CBEB29882CA800772DE1 /* ComposableSQLite in Frameworks */ = {isa = PBXBuildFile; productRef = 6571CBEA29882CA800772DE1 /* ComposableSQLite */; };
		65BD850A29A15A6D008F9C39 /* LocalDatabase+Live.swift in Sources */ = {isa = PBXBuildFile; fileRef = 65BD850929A15A6D008F9C39 /* LocalDatabase+Live.swift */; };
		65BD850C29A15ACA008F9C39 /* LocalDatabase+Test.swift in Sources */ = {isa = PBXBuildFile; fileRef = 65BD850B29A15ACA008F9C39 /* LocalDatabase+Test.swift */; };
		65BD850E29A15AD3008F9C39 /* LocalDatabase+Interface.swift in Sources */ = {isa = PBXBuildFile; fileRef = 65BD850D29A15AD3008F9C39 /* LocalDatabase+Interface.swift */; };
		65BD851229A163AE008F9C39 /* 00-AppDelegate.swift in Sources */ = {isa = PBXBuildFile; fileRef = 65BD851129A163AE008F9C39 /* 00-AppDelegate.swift */; };
		65BD851429A163DB008F9C39 /* 00-AppRoot.swift in Sources */ = {isa = PBXBuildFile; fileRef = 65BD851329A163DB008F9C39 /* 00-AppRoot.swift */; };
		65BD851629A164B4008F9C39 /* MediaClient+Live.swift in Sources */ = {isa = PBXBuildFile; fileRef = 65BD851529A164B4008F9C39 /* MediaClient+Live.swift */; };
		65BD851829A164BA008F9C39 /* MediaClient+Test.swift in Sources */ = {isa = PBXBuildFile; fileRef = 65BD851729A164BA008F9C39 /* MediaClient+Test.swift */; };
		65BD851A29A16509008F9C39 /* MediaClient+Interface.swift in Sources */ = {isa = PBXBuildFile; fileRef = 65BD851929A16509008F9C39 /* MediaClient+Interface.swift */; };
		65BD851E29A16648008F9C39 /* LoadableImageView.swift in Sources */ = {isa = PBXBuildFile; fileRef = 65BD851D29A16648008F9C39 /* LoadableImageView.swift */; };
		65BD852029A16653008F9C39 /* LoadableImage.swift in Sources */ = {isa = PBXBuildFile; fileRef = 65BD851F29A16653008F9C39 /* LoadableImage.swift */; };
		65BD852229A16882008F9C39 /* UserSettings.swift in Sources */ = {isa = PBXBuildFile; fileRef = 65BD852129A16882008F9C39 /* UserSettings.swift */; };
		65BD852429A1688A008F9C39 /* UserSettings+Live.swift in Sources */ = {isa = PBXBuildFile; fileRef = 65BD852329A1688A008F9C39 /* UserSettings+Live.swift */; };
		65BD852629A16891008F9C39 /* UserSettings+Interface.swift in Sources */ = {isa = PBXBuildFile; fileRef = 65BD852529A16891008F9C39 /* UserSettings+Interface.swift */; };
		65BD852829A1689A008F9C39 /* UserSettings+Test.swift in Sources */ = {isa = PBXBuildFile; fileRef = 65BD852729A1689A008F9C39 /* UserSettings+Test.swift */; };
/* End PBXBuildFile section */

/* Begin PBXFileReference section */
		651EA61B2988273D00045D54 /* 00-AppView.swift */ = {isa = PBXFileReference; fileEncoding = 4; lastKnownFileType = sourcecode.swift; path = "00-AppView.swift"; sourceTree = "<group>"; };
		651EA61D2988273D00045D54 /* 01-LocalDatabase.swift */ = {isa = PBXFileReference; fileEncoding = 4; lastKnownFileType = sourcecode.swift; path = "01-LocalDatabase.swift"; sourceTree = "<group>"; };
		651EA61F2988273D00045D54 /* MediaClient.swift */ = {isa = PBXFileReference; fileEncoding = 4; lastKnownFileType = sourcecode.swift; path = MediaClient.swift; sourceTree = "<group>"; };
		651EA6202988273D00045D54 /* LocalDatabase.swift */ = {isa = PBXFileReference; fileEncoding = 4; lastKnownFileType = sourcecode.swift; path = LocalDatabase.swift; sourceTree = "<group>"; };
		651EA6222988273D00045D54 /* Assets.xcassets */ = {isa = PBXFileReference; lastKnownFileType = folder.assetcatalog; path = Assets.xcassets; sourceTree = "<group>"; };
		651EA6252988273D00045D54 /* 00-App.swift */ = {isa = PBXFileReference; fileEncoding = 4; lastKnownFileType = sourcecode.swift; path = "00-App.swift"; sourceTree = "<group>"; };
		65383B4729A111FF00774C5F /* 02-LoadableImage.swift */ = {isa = PBXFileReference; lastKnownFileType = sourcecode.swift; path = "02-LoadableImage.swift"; sourceTree = "<group>"; };
		65383B4929A112CE00774C5F /* 00-AppDelegateReducer.swift */ = {isa = PBXFileReference; lastKnownFileType = sourcecode.swift; path = "00-AppDelegateReducer.swift"; sourceTree = "<group>"; };
		6571CBED2988513100772DE1 /* .gitignore */ = {isa = PBXFileReference; lastKnownFileType = text; path = .gitignore; sourceTree = "<group>"; };
		65AB4D2329954E1100EDFE64 /* ComposableDependencies */ = {isa = PBXFileReference; lastKnownFileType = wrapper; path = ComposableDependencies; sourceTree = "<group>"; };
		65BD850929A15A6D008F9C39 /* LocalDatabase+Live.swift */ = {isa = PBXFileReference; lastKnownFileType = sourcecode.swift; path = "LocalDatabase+Live.swift"; sourceTree = "<group>"; };
		65BD850B29A15ACA008F9C39 /* LocalDatabase+Test.swift */ = {isa = PBXFileReference; lastKnownFileType = sourcecode.swift; path = "LocalDatabase+Test.swift"; sourceTree = "<group>"; };
		65BD850D29A15AD3008F9C39 /* LocalDatabase+Interface.swift */ = {isa = PBXFileReference; lastKnownFileType = sourcecode.swift; path = "LocalDatabase+Interface.swift"; sourceTree = "<group>"; };
		65BD851029A15BC2008F9C39 /* TcaExamples.app */ = {isa = PBXFileReference; explicitFileType = wrapper.application; includeInIndex = 0; name = TcaExamples.app; path = "/Users/ajr/repos/TcaExamples/build/Debug-iphoneos/TcaExamples.app"; sourceTree = "<absolute>"; };
		65BD851129A163AE008F9C39 /* 00-AppDelegate.swift */ = {isa = PBXFileReference; lastKnownFileType = sourcecode.swift; path = "00-AppDelegate.swift"; sourceTree = "<group>"; };
		65BD851329A163DB008F9C39 /* 00-AppRoot.swift */ = {isa = PBXFileReference; lastKnownFileType = sourcecode.swift; path = "00-AppRoot.swift"; sourceTree = "<group>"; };
		65BD851529A164B4008F9C39 /* MediaClient+Live.swift */ = {isa = PBXFileReference; lastKnownFileType = sourcecode.swift; path = "MediaClient+Live.swift"; sourceTree = "<group>"; };
		65BD851729A164BA008F9C39 /* MediaClient+Test.swift */ = {isa = PBXFileReference; lastKnownFileType = sourcecode.swift; path = "MediaClient+Test.swift"; sourceTree = "<group>"; };
		65BD851929A16509008F9C39 /* MediaClient+Interface.swift */ = {isa = PBXFileReference; lastKnownFileType = sourcecode.swift; path = "MediaClient+Interface.swift"; sourceTree = "<group>"; };
		65BD851D29A16648008F9C39 /* LoadableImageView.swift */ = {isa = PBXFileReference; lastKnownFileType = sourcecode.swift; path = LoadableImageView.swift; sourceTree = "<group>"; };
		65BD851F29A16653008F9C39 /* LoadableImage.swift */ = {isa = PBXFileReference; lastKnownFileType = sourcecode.swift; path = LoadableImage.swift; sourceTree = "<group>"; };
		65BD852129A16882008F9C39 /* UserSettings.swift */ = {isa = PBXFileReference; lastKnownFileType = sourcecode.swift; path = UserSettings.swift; sourceTree = "<group>"; };
		65BD852329A1688A008F9C39 /* UserSettings+Live.swift */ = {isa = PBXFileReference; lastKnownFileType = sourcecode.swift; path = "UserSettings+Live.swift"; sourceTree = "<group>"; };
		65BD852529A16891008F9C39 /* UserSettings+Interface.swift */ = {isa = PBXFileReference; lastKnownFileType = sourcecode.swift; path = "UserSettings+Interface.swift"; sourceTree = "<group>"; };
		65BD852729A1689A008F9C39 /* UserSettings+Test.swift */ = {isa = PBXFileReference; lastKnownFileType = sourcecode.swift; path = "UserSettings+Test.swift"; sourceTree = "<group>"; };
/* End PBXFileReference section */

/* Begin PBXFrameworksBuildPhase section */
		65E2CD572985F8A00083DCC1 /* Frameworks */ = {
			isa = PBXFrameworksBuildPhase;
			buildActionMask = 2147483647;
			files = (
				6571CBE2298829EF00772DE1 /* ComposableArchitecture in Frameworks */,
				6571CBE729882CA800772DE1 /* ComposableAppContext in Frameworks */,
				6571CBE929882CA800772DE1 /* ComposableCodable in Frameworks */,
				6571CBEB29882CA800772DE1 /* ComposableSQLite in Frameworks */,
			);
			runOnlyForDeploymentPostprocessing = 0;
		};
/* End PBXFrameworksBuildPhase section */

/* Begin PBXGroup section */
		651EA61A2988273D00045D54 /* Examples */ = {
			isa = PBXGroup;
			children = (
				651EA6252988273D00045D54 /* 00-App.swift */,
				65BD851129A163AE008F9C39 /* 00-AppDelegate.swift */,
				65383B4929A112CE00774C5F /* 00-AppDelegateReducer.swift */,
				65BD851329A163DB008F9C39 /* 00-AppRoot.swift */,
				651EA61B2988273D00045D54 /* 00-AppView.swift */,
				651EA61D2988273D00045D54 /* 01-LocalDatabase.swift */,
				65383B4729A111FF00774C5F /* 02-LoadableImage.swift */,
				65BD851C29A1655A008F9C39 /* LoadableImage */,
				651EA61C2988273D00045D54 /* LocalDatabase */,
				65BD850F29A15ADB008F9C39 /* MediaClient */,
				65BD850829A15A00008F9C39 /* UserSettings */,
			);
			path = Examples;
			sourceTree = "<group>";
		};
		651EA61C2988273D00045D54 /* LocalDatabase */ = {
			isa = PBXGroup;
			children = (
				651EA6202988273D00045D54 /* LocalDatabase.swift */,
				65BD850D29A15AD3008F9C39 /* LocalDatabase+Interface.swift */,
				65BD850929A15A6D008F9C39 /* LocalDatabase+Live.swift */,
				65BD850B29A15ACA008F9C39 /* LocalDatabase+Test.swift */,
			);
			path = LocalDatabase;
			sourceTree = "<group>";
		};
		65BD850829A15A00008F9C39 /* UserSettings */ = {
			isa = PBXGroup;
			children = (
				65BD852129A16882008F9C39 /* UserSettings.swift */,
				65BD852529A16891008F9C39 /* UserSettings+Interface.swift */,
				65BD852329A1688A008F9C39 /* UserSettings+Live.swift */,
				65BD852729A1689A008F9C39 /* UserSettings+Test.swift */,
			);
			path = UserSettings;
			sourceTree = "<group>";
		};
		65BD850F29A15ADB008F9C39 /* MediaClient */ = {
			isa = PBXGroup;
			children = (
				651EA61F2988273D00045D54 /* MediaClient.swift */,
				65BD851929A16509008F9C39 /* MediaClient+Interface.swift */,
				65BD851529A164B4008F9C39 /* MediaClient+Live.swift */,
				65BD851729A164BA008F9C39 /* MediaClient+Test.swift */,
			);
			path = MediaClient;
			sourceTree = "<group>";
		};
		65BD851C29A1655A008F9C39 /* LoadableImage */ = {
			isa = PBXGroup;
			children = (
				65BD851F29A16653008F9C39 /* LoadableImage.swift */,
				65BD851D29A16648008F9C39 /* LoadableImageView.swift */,
			);
			path = LoadableImage;
			sourceTree = "<group>";
		};
		65E2CD512985F8A00083DCC1 = {
			isa = PBXGroup;
			children = (
				651EA61A2988273D00045D54 /* Examples */,
				651EA6222988273D00045D54 /* Assets.xcassets */,
				65AB4D2329954E1100EDFE64 /* ComposableDependencies */,
				6571CBED2988513100772DE1 /* .gitignore */,
			);
			sourceTree = "<group>";
		};
/* End PBXGroup section */

/* Begin PBXNativeTarget section */
		65E2CD592985F8A00083DCC1 /* TcaExamples */ = {
			isa = PBXNativeTarget;
			buildConfigurationList = 65E2CD682985F8A10083DCC1 /* Build configuration list for PBXNativeTarget "TcaExamples" */;
			buildPhases = (
				65E2CD562985F8A00083DCC1 /* Sources */,
				65E2CD572985F8A00083DCC1 /* Frameworks */,
				65E2CD582985F8A00083DCC1 /* Resources */,
			);
			buildRules = (
			);
			dependencies = (
			);
			name = TcaExamples;
			packageProductDependencies = (
				6571CBE1298829EF00772DE1 /* ComposableArchitecture */,
				6571CBE629882CA800772DE1 /* ComposableAppContext */,
				6571CBE829882CA800772DE1 /* ComposableCodable */,
				6571CBEA29882CA800772DE1 /* ComposableSQLite */,
			);
			productName = TcaExamples;
			productReference = 65BD851029A15BC2008F9C39 /* TcaExamples.app */;
			productType = "com.apple.product-type.application";
		};
/* End PBXNativeTarget section */

/* Begin PBXProject section */
		65E2CD522985F8A00083DCC1 /* Project object */ = {
			isa = PBXProject;
			attributes = {
				BuildIndependentTargetsInParallel = 1;
				LastSwiftUpdateCheck = 1400;
				LastUpgradeCheck = 1400;
				TargetAttributes = {
					65E2CD592985F8A00083DCC1 = {
						CreatedOnToolsVersion = 14.0.1;
						LastSwiftMigration = 1400;
					};
				};
			};
			buildConfigurationList = 65E2CD552985F8A00083DCC1 /* Build configuration list for PBXProject "TcaExamples" */;
			compatibilityVersion = "Xcode 14.0";
			developmentRegion = en;
			hasScannedForEncodings = 0;
			knownRegions = (
				en,
				Base,
			);
			mainGroup = 65E2CD512985F8A00083DCC1;
			packageReferences = (
				6571CBE0298829EF00772DE1 /* XCRemoteSwiftPackageReference "swift-composable-architecture" */,
			);
			productRefGroup = 65E2CD512985F8A00083DCC1;
			projectDirPath = "";
			projectRoot = "";
			targets = (
				65E2CD592985F8A00083DCC1 /* TcaExamples */,
			);
		};
/* End PBXProject section */

/* Begin PBXResourcesBuildPhase section */
		65E2CD582985F8A00083DCC1 /* Resources */ = {
			isa = PBXResourcesBuildPhase;
			buildActionMask = 2147483647;
			files = (
				651EA6302988273D00045D54 /* Assets.xcassets in Resources */,
			);
			runOnlyForDeploymentPostprocessing = 0;
		};
/* End PBXResourcesBuildPhase section */

/* Begin PBXSourcesBuildPhase section */
		65E2CD562985F8A00083DCC1 /* Sources */ = {
			isa = PBXSourcesBuildPhase;
			buildActionMask = 2147483647;
			files = (
				65BD851629A164B4008F9C39 /* MediaClient+Live.swift in Sources */,
				65BD852029A16653008F9C39 /* LoadableImage.swift in Sources */,
				65BD851229A163AE008F9C39 /* 00-AppDelegate.swift in Sources */,
				65BD850C29A15ACA008F9C39 /* LocalDatabase+Test.swift in Sources */,
				65BD851829A164BA008F9C39 /* MediaClient+Test.swift in Sources */,
				651EA62A2988273D00045D54 /* 00-AppView.swift in Sources */,
				65BD851E29A16648008F9C39 /* LoadableImageView.swift in Sources */,
				65BD850E29A15AD3008F9C39 /* LocalDatabase+Interface.swift in Sources */,
				651EA6322988273D00045D54 /* 00-App.swift in Sources */,
				651EA62E2988273D00045D54 /* LocalDatabase.swift in Sources */,
				65BD851A29A16509008F9C39 /* MediaClient+Interface.swift in Sources */,
				65BD851429A163DB008F9C39 /* 00-AppRoot.swift in Sources */,
				65383B4A29A112CE00774C5F /* 00-AppDelegateReducer.swift in Sources */,
				65BD852829A1689A008F9C39 /* UserSettings+Test.swift in Sources */,
				65BD852229A16882008F9C39 /* UserSettings.swift in Sources */,
				65BD850A29A15A6D008F9C39 /* LocalDatabase+Live.swift in Sources */,
				651EA62B2988273D00045D54 /* 01-LocalDatabase.swift in Sources */,
				65BD852429A1688A008F9C39 /* UserSettings+Live.swift in Sources */,
				651EA62D2988273D00045D54 /* MediaClient.swift in Sources */,
				65383B4829A111FF00774C5F /* 02-LoadableImage.swift in Sources */,
				65BD852629A16891008F9C39 /* UserSettings+Interface.swift in Sources */,
			);
			runOnlyForDeploymentPostprocessing = 0;
		};
/* End PBXSourcesBuildPhase section */

/* Begin XCBuildConfiguration section */
		65E2CD662985F8A10083DCC1 /* Debug */ = {
			isa = XCBuildConfiguration;
			buildSettings = {
				ALWAYS_SEARCH_USER_PATHS = NO;
				CLANG_ANALYZER_NONNULL = YES;
				CLANG_ANALYZER_NUMBER_OBJECT_CONVERSION = YES_AGGRESSIVE;
				CLANG_CXX_LANGUAGE_STANDARD = "gnu++20";
				CLANG_ENABLE_MODULES = YES;
				CLANG_ENABLE_OBJC_ARC = YES;
				CLANG_ENABLE_OBJC_WEAK = YES;
				CLANG_WARN_BLOCK_CAPTURE_AUTORELEASING = YES;
				CLANG_WARN_BOOL_CONVERSION = YES;
				CLANG_WARN_COMMA = YES;
				CLANG_WARN_CONSTANT_CONVERSION = YES;
				CLANG_WARN_DEPRECATED_OBJC_IMPLEMENTATIONS = YES;
				CLANG_WARN_DIRECT_OBJC_ISA_USAGE = YES_ERROR;
				CLANG_WARN_DOCUMENTATION_COMMENTS = YES;
				CLANG_WARN_EMPTY_BODY = YES;
				CLANG_WARN_ENUM_CONVERSION = YES;
				CLANG_WARN_INFINITE_RECURSION = YES;
				CLANG_WARN_INT_CONVERSION = YES;
				CLANG_WARN_NON_LITERAL_NULL_CONVERSION = YES;
				CLANG_WARN_OBJC_IMPLICIT_RETAIN_SELF = YES;
				CLANG_WARN_OBJC_LITERAL_CONVERSION = YES;
				CLANG_WARN_OBJC_ROOT_CLASS = YES_ERROR;
				CLANG_WARN_QUOTED_INCLUDE_IN_FRAMEWORK_HEADER = YES;
				CLANG_WARN_RANGE_LOOP_ANALYSIS = YES;
				CLANG_WARN_STRICT_PROTOTYPES = YES;
				CLANG_WARN_SUSPICIOUS_MOVE = YES;
				CLANG_WARN_UNGUARDED_AVAILABILITY = YES_AGGRESSIVE;
				CLANG_WARN_UNREACHABLE_CODE = YES;
				CLANG_WARN__DUPLICATE_METHOD_MATCH = YES;
				COPY_PHASE_STRIP = NO;
				DEBUG_INFORMATION_FORMAT = dwarf;
				ENABLE_STRICT_OBJC_MSGSEND = YES;
				ENABLE_TESTABILITY = YES;
				GCC_C_LANGUAGE_STANDARD = gnu11;
				GCC_DYNAMIC_NO_PIC = NO;
				GCC_NO_COMMON_BLOCKS = YES;
				GCC_OPTIMIZATION_LEVEL = 0;
				GCC_PREPROCESSOR_DEFINITIONS = (
					"DEBUG=1",
					"$(inherited)",
				);
				GCC_WARN_64_TO_32_BIT_CONVERSION = YES;
				GCC_WARN_ABOUT_RETURN_TYPE = YES_ERROR;
				GCC_WARN_UNDECLARED_SELECTOR = YES;
				GCC_WARN_UNINITIALIZED_AUTOS = YES_AGGRESSIVE;
				GCC_WARN_UNUSED_FUNCTION = YES;
				GCC_WARN_UNUSED_VARIABLE = YES;
				IPHONEOS_DEPLOYMENT_TARGET = 16.0;
				MTL_ENABLE_DEBUG_INFO = INCLUDE_SOURCE;
				MTL_FAST_MATH = YES;
				ONLY_ACTIVE_ARCH = YES;
				SDKROOT = iphoneos;
				SWIFT_ACTIVE_COMPILATION_CONDITIONS = DEBUG;
				SWIFT_OPTIMIZATION_LEVEL = "-Onone";
			};
			name = Debug;
		};
		65E2CD672985F8A10083DCC1 /* Release */ = {
			isa = XCBuildConfiguration;
			buildSettings = {
				ALWAYS_SEARCH_USER_PATHS = NO;
				CLANG_ANALYZER_NONNULL = YES;
				CLANG_ANALYZER_NUMBER_OBJECT_CONVERSION = YES_AGGRESSIVE;
				CLANG_CXX_LANGUAGE_STANDARD = "gnu++20";
				CLANG_ENABLE_MODULES = YES;
				CLANG_ENABLE_OBJC_ARC = YES;
				CLANG_ENABLE_OBJC_WEAK = YES;
				CLANG_WARN_BLOCK_CAPTURE_AUTORELEASING = YES;
				CLANG_WARN_BOOL_CONVERSION = YES;
				CLANG_WARN_COMMA = YES;
				CLANG_WARN_CONSTANT_CONVERSION = YES;
				CLANG_WARN_DEPRECATED_OBJC_IMPLEMENTATIONS = YES;
				CLANG_WARN_DIRECT_OBJC_ISA_USAGE = YES_ERROR;
				CLANG_WARN_DOCUMENTATION_COMMENTS = YES;
				CLANG_WARN_EMPTY_BODY = YES;
				CLANG_WARN_ENUM_CONVERSION = YES;
				CLANG_WARN_INFINITE_RECURSION = YES;
				CLANG_WARN_INT_CONVERSION = YES;
				CLANG_WARN_NON_LITERAL_NULL_CONVERSION = YES;
				CLANG_WARN_OBJC_IMPLICIT_RETAIN_SELF = YES;
				CLANG_WARN_OBJC_LITERAL_CONVERSION = YES;
				CLANG_WARN_OBJC_ROOT_CLASS = YES_ERROR;
				CLANG_WARN_QUOTED_INCLUDE_IN_FRAMEWORK_HEADER = YES;
				CLANG_WARN_RANGE_LOOP_ANALYSIS = YES;
				CLANG_WARN_STRICT_PROTOTYPES = YES;
				CLANG_WARN_SUSPICIOUS_MOVE = YES;
				CLANG_WARN_UNGUARDED_AVAILABILITY = YES_AGGRESSIVE;
				CLANG_WARN_UNREACHABLE_CODE = YES;
				CLANG_WARN__DUPLICATE_METHOD_MATCH = YES;
				COPY_PHASE_STRIP = NO;
				DEBUG_INFORMATION_FORMAT = "dwarf-with-dsym";
				ENABLE_NS_ASSERTIONS = NO;
				ENABLE_STRICT_OBJC_MSGSEND = YES;
				GCC_C_LANGUAGE_STANDARD = gnu11;
				GCC_NO_COMMON_BLOCKS = YES;
				GCC_WARN_64_TO_32_BIT_CONVERSION = YES;
				GCC_WARN_ABOUT_RETURN_TYPE = YES_ERROR;
				GCC_WARN_UNDECLARED_SELECTOR = YES;
				GCC_WARN_UNINITIALIZED_AUTOS = YES_AGGRESSIVE;
				GCC_WARN_UNUSED_FUNCTION = YES;
				GCC_WARN_UNUSED_VARIABLE = YES;
				IPHONEOS_DEPLOYMENT_TARGET = 16.0;
				MTL_ENABLE_DEBUG_INFO = NO;
				MTL_FAST_MATH = YES;
				SDKROOT = iphoneos;
				SWIFT_COMPILATION_MODE = wholemodule;
				SWIFT_OPTIMIZATION_LEVEL = "-O";
				VALIDATE_PRODUCT = YES;
			};
			name = Release;
		};
		65E2CD692985F8A10083DCC1 /* Debug */ = {
			isa = XCBuildConfiguration;
			buildSettings = {
				ASSETCATALOG_COMPILER_APPICON_NAME = AppIcon;
				ASSETCATALOG_COMPILER_GLOBAL_ACCENT_COLOR_NAME = AccentColor;
				CLANG_ENABLE_MODULES = YES;
				CODE_SIGN_STYLE = Automatic;
				CURRENT_PROJECT_VERSION = 1;
				DEVELOPMENT_ASSET_PATHS = "";
				ENABLE_PREVIEWS = YES;
				GENERATE_INFOPLIST_FILE = YES;
				INFOPLIST_KEY_UIApplicationSceneManifest_Generation = YES;
				INFOPLIST_KEY_UIApplicationSupportsIndirectInputEvents = YES;
				INFOPLIST_KEY_UILaunchScreen_Generation = YES;
				INFOPLIST_KEY_UISupportedInterfaceOrientations_iPad = "UIInterfaceOrientationPortrait UIInterfaceOrientationPortraitUpsideDown UIInterfaceOrientationLandscapeLeft UIInterfaceOrientationLandscapeRight";
				INFOPLIST_KEY_UISupportedInterfaceOrientations_iPhone = "UIInterfaceOrientationPortrait UIInterfaceOrientationLandscapeLeft UIInterfaceOrientationLandscapeRight";
				LD_RUNPATH_SEARCH_PATHS = (
					"$(inherited)",
					"@executable_path/Frameworks",
				);
				MARKETING_VERSION = 1.0;
				PRODUCT_BUNDLE_IDENTIFIER = andwrobs.TcaExamples;
				PRODUCT_NAME = "$(TARGET_NAME)";
				SWIFT_EMIT_LOC_STRINGS = YES;
				SWIFT_OPTIMIZATION_LEVEL = "-Onone";
				SWIFT_VERSION = 5.0;
				TARGETED_DEVICE_FAMILY = "1,2";
			};
			name = Debug;
		};
		65E2CD6A2985F8A10083DCC1 /* Release */ = {
			isa = XCBuildConfiguration;
			buildSettings = {
				ASSETCATALOG_COMPILER_APPICON_NAME = AppIcon;
				ASSETCATALOG_COMPILER_GLOBAL_ACCENT_COLOR_NAME = AccentColor;
				CLANG_ENABLE_MODULES = YES;
				CODE_SIGN_STYLE = Automatic;
				CURRENT_PROJECT_VERSION = 1;
				DEVELOPMENT_ASSET_PATHS = "";
				ENABLE_PREVIEWS = YES;
				GENERATE_INFOPLIST_FILE = YES;
				INFOPLIST_KEY_UIApplicationSceneManifest_Generation = YES;
				INFOPLIST_KEY_UIApplicationSupportsIndirectInputEvents = YES;
				INFOPLIST_KEY_UILaunchScreen_Generation = YES;
				INFOPLIST_KEY_UISupportedInterfaceOrientations_iPad = "UIInterfaceOrientationPortrait UIInterfaceOrientationPortraitUpsideDown UIInterfaceOrientationLandscapeLeft UIInterfaceOrientationLandscapeRight";
				INFOPLIST_KEY_UISupportedInterfaceOrientations_iPhone = "UIInterfaceOrientationPortrait UIInterfaceOrientationLandscapeLeft UIInterfaceOrientationLandscapeRight";
				LD_RUNPATH_SEARCH_PATHS = (
					"$(inherited)",
					"@executable_path/Frameworks",
				);
				MARKETING_VERSION = 1.0;
				PRODUCT_BUNDLE_IDENTIFIER = andwrobs.TcaExamples;
				PRODUCT_NAME = "$(TARGET_NAME)";
				SWIFT_EMIT_LOC_STRINGS = YES;
				SWIFT_VERSION = 5.0;
				TARGETED_DEVICE_FAMILY = "1,2";
			};
			name = Release;
		};
/* End XCBuildConfiguration section */

/* Begin XCConfigurationList section */
		65E2CD552985F8A00083DCC1 /* Build configuration list for PBXProject "TcaExamples" */ = {
			isa = XCConfigurationList;
			buildConfigurations = (
				65E2CD662985F8A10083DCC1 /* Debug */,
				65E2CD672985F8A10083DCC1 /* Release */,
			);
			defaultConfigurationIsVisible = 0;
			defaultConfigurationName = Release;
		};
		65E2CD682985F8A10083DCC1 /* Build configuration list for PBXNativeTarget "TcaExamples" */ = {
			isa = XCConfigurationList;
			buildConfigurations = (
				65E2CD692985F8A10083DCC1 /* Debug */,
				65E2CD6A2985F8A10083DCC1 /* Release */,
			);
			defaultConfigurationIsVisible = 0;
			defaultConfigurationName = Release;
		};
/* End XCConfigurationList section */

/* Begin XCRemoteSwiftPackageReference section */
		6571CBE0298829EF00772DE1 /* XCRemoteSwiftPackageReference "swift-composable-architecture" */ = {
			isa = XCRemoteSwiftPackageReference;
			repositoryURL = "https://github.com/pointfreeco/swift-composable-architecture";
			requirement = {
				branch = main;
				kind = branch;
			};
		};
/* End XCRemoteSwiftPackageReference section */

/* Begin XCSwiftPackageProductDependency section */
		6571CBE1298829EF00772DE1 /* ComposableArchitecture */ = {
			isa = XCSwiftPackageProductDependency;
			package = 6571CBE0298829EF00772DE1 /* XCRemoteSwiftPackageReference "swift-composable-architecture" */;
			productName = ComposableArchitecture;
		};
		6571CBE629882CA800772DE1 /* ComposableAppContext */ = {
			isa = XCSwiftPackageProductDependency;
			productName = ComposableAppContext;
		};
		6571CBE829882CA800772DE1 /* ComposableCodable */ = {
			isa = XCSwiftPackageProductDependency;
			productName = ComposableCodable;
		};
		6571CBEA29882CA800772DE1 /* ComposableSQLite */ = {
			isa = XCSwiftPackageProductDependency;
			productName = ComposableSQLite;
		};
/* End XCSwiftPackageProductDependency section */
	};
	rootObject = 65E2CD522985F8A00083DCC1 /* Project object */;
}
